// !$*UTF8*$!
{
	archiveVersion = 1;
	classes = {
	};
	objectVersion = 50;
	objects = {

/* Begin PBXBuildFile section */
		DA3B9BA920E78C4F00596635 /* ShellProviderProtocol.swift in Sources */ = {isa = PBXBuildFile; fileRef = DA3B9BA820E78C4F00596635 /* ShellProviderProtocol.swift */; };
		DA3B9BAB20E78C6E00596635 /* StandardShell.swift in Sources */ = {isa = PBXBuildFile; fileRef = DA3B9BAA20E78C6E00596635 /* StandardShell.swift */; };
		DA3B9BAD20E78D4B00596635 /* TestStandardShell.swift in Sources */ = {isa = PBXBuildFile; fileRef = DA3B9BAC20E78D4B00596635 /* TestStandardShell.swift */; };
		DA3B9BAF20E78ECA00596635 /* ShellProcess.swift in Sources */ = {isa = PBXBuildFile; fileRef = DA3B9BAE20E78ECA00596635 /* ShellProcess.swift */; };
		DA3B9BB120E791D400596635 /* ShellPipe.swift in Sources */ = {isa = PBXBuildFile; fileRef = DA3B9BB020E791D400596635 /* ShellPipe.swift */; };
		DA3B9BB320E7991B00596635 /* TestShell.swift in Sources */ = {isa = PBXBuildFile; fileRef = DA3B9BB220E7991B00596635 /* TestShell.swift */; };
		DA3B9BB520E7994800596635 /* MockShellProviderProtocol.swift in Sources */ = {isa = PBXBuildFile; fileRef = DA3B9BB420E7994800596635 /* MockShellProviderProtocol.swift */; };
		DA69AFD320E8E57F006F0F91 /* ShellProtocol.swift in Sources */ = {isa = PBXBuildFile; fileRef = DA69AFD220E8E57F006F0F91 /* ShellProtocol.swift */; };
		DA69AFD520E8E5C2006F0F91 /* ShellFactory.swift in Sources */ = {isa = PBXBuildFile; fileRef = DA69AFD420E8E5C2006F0F91 /* ShellFactory.swift */; };
		DAE1EC9920E70192000C0FFE /* Shell.swift in Sources */ = {isa = PBXBuildFile; fileRef = DAE1EC9820E70192000C0FFE /* Shell.swift */; };
		DAE1EC9B20E701B0000C0FFE /* Constants.swift in Sources */ = {isa = PBXBuildFile; fileRef = DAE1EC9A20E701B0000C0FFE /* Constants.swift */; };
		DAFD569820E6FEDD00F721AF /* SwiftToShell.framework in Frameworks */ = {isa = PBXBuildFile; fileRef = DAFD568420E6FE5300F721AF /* SwiftToShell.framework */; };
/* End PBXBuildFile section */

/* Begin PBXContainerItemProxy section */
		DAFD569920E6FEDD00F721AF /* PBXContainerItemProxy */ = {
			isa = PBXContainerItemProxy;
			containerPortal = DAFD567B20E6FE5300F721AF /* Project object */;
			proxyType = 1;
			remoteGlobalIDString = DAFD568320E6FE5300F721AF;
			remoteInfo = SwiftToShell;
		};
/* End PBXContainerItemProxy section */

/* Begin PBXFileReference section */
		DA3B9BA820E78C4F00596635 /* ShellProviderProtocol.swift */ = {isa = PBXFileReference; lastKnownFileType = sourcecode.swift; path = ShellProviderProtocol.swift; sourceTree = "<group>"; };
		DA3B9BAA20E78C6E00596635 /* StandardShell.swift */ = {isa = PBXFileReference; lastKnownFileType = sourcecode.swift; path = StandardShell.swift; sourceTree = "<group>"; };
		DA3B9BAC20E78D4B00596635 /* TestStandardShell.swift */ = {isa = PBXFileReference; lastKnownFileType = sourcecode.swift; path = TestStandardShell.swift; sourceTree = "<group>"; };
		DA3B9BAE20E78ECA00596635 /* ShellProcess.swift */ = {isa = PBXFileReference; lastKnownFileType = sourcecode.swift; path = ShellProcess.swift; sourceTree = "<group>"; };
		DA3B9BB020E791D400596635 /* ShellPipe.swift */ = {isa = PBXFileReference; lastKnownFileType = sourcecode.swift; path = ShellPipe.swift; sourceTree = "<group>"; };
		DA3B9BB220E7991B00596635 /* TestShell.swift */ = {isa = PBXFileReference; lastKnownFileType = sourcecode.swift; path = TestShell.swift; sourceTree = "<group>"; };
		DA3B9BB420E7994800596635 /* MockShellProviderProtocol.swift */ = {isa = PBXFileReference; lastKnownFileType = sourcecode.swift; path = MockShellProviderProtocol.swift; sourceTree = "<group>"; };
		DA69AFD220E8E57F006F0F91 /* ShellProtocol.swift */ = {isa = PBXFileReference; lastKnownFileType = sourcecode.swift; path = ShellProtocol.swift; sourceTree = "<group>"; };
		DA69AFD420E8E5C2006F0F91 /* ShellFactory.swift */ = {isa = PBXFileReference; lastKnownFileType = sourcecode.swift; path = ShellFactory.swift; sourceTree = "<group>"; };
		DAE1EC9820E70192000C0FFE /* Shell.swift */ = {isa = PBXFileReference; fileEncoding = 4; lastKnownFileType = sourcecode.swift; path = Shell.swift; sourceTree = "<group>"; };
		DAE1EC9A20E701B0000C0FFE /* Constants.swift */ = {isa = PBXFileReference; lastKnownFileType = sourcecode.swift; path = Constants.swift; sourceTree = "<group>"; };
		DAFD568420E6FE5300F721AF /* SwiftToShell.framework */ = {isa = PBXFileReference; explicitFileType = wrapper.framework; includeInIndex = 0; path = SwiftToShell.framework; sourceTree = BUILT_PRODUCTS_DIR; };
		DAFD569320E6FEDC00F721AF /* Tests.xctest */ = {isa = PBXFileReference; explicitFileType = wrapper.cfbundle; includeInIndex = 0; path = Tests.xctest; sourceTree = BUILT_PRODUCTS_DIR; };
		DAFD569E20E7011300F721AF /* README.md */ = {isa = PBXFileReference; lastKnownFileType = net.daringfireball.markdown; path = README.md; sourceTree = "<group>"; };
		DAFD569F20E7011300F721AF /* .gitignore */ = {isa = PBXFileReference; lastKnownFileType = text; path = .gitignore; sourceTree = "<group>"; };
		DAFD56A020E7011300F721AF /* LICENSE */ = {isa = PBXFileReference; lastKnownFileType = text; path = LICENSE; sourceTree = "<group>"; };
		DAFD56A520E7017100F721AF /* Configuration */ = {isa = PBXFileReference; lastKnownFileType = folder; path = Configuration; sourceTree = "<group>"; };
/* End PBXFileReference section */

/* Begin PBXFrameworksBuildPhase section */
		DAFD568020E6FE5300F721AF /* Frameworks */ = {
			isa = PBXFrameworksBuildPhase;
			buildActionMask = 2147483647;
			files = (
			);
			runOnlyForDeploymentPostprocessing = 0;
		};
		DAFD569020E6FEDC00F721AF /* Frameworks */ = {
			isa = PBXFrameworksBuildPhase;
			buildActionMask = 2147483647;
			files = (
				DAFD569820E6FEDD00F721AF /* SwiftToShell.framework in Frameworks */,
			);
			runOnlyForDeploymentPostprocessing = 0;
		};
/* End PBXFrameworksBuildPhase section */

/* Begin PBXGroup section */
		DAE1EC9320E70187000C0FFE /* Tests */ = {
			isa = PBXGroup;
			children = (
				DA3B9BB220E7991B00596635 /* TestShell.swift */,
				DA3B9BAC20E78D4B00596635 /* TestStandardShell.swift */,
				DA3B9BB420E7994800596635 /* MockShellProviderProtocol.swift */,
			);
			path = Tests;
			sourceTree = "<group>";
		};
		DAE1EC9620E70192000C0FFE /* Source */ = {
			isa = PBXGroup;
			children = (
				DA69AFD420E8E5C2006F0F91 /* ShellFactory.swift */,
				DA69AFD220E8E57F006F0F91 /* ShellProtocol.swift */,
				DAE1EC9820E70192000C0FFE /* Shell.swift */,
				DA3B9BA820E78C4F00596635 /* ShellProviderProtocol.swift */,
				DA3B9BAA20E78C6E00596635 /* StandardShell.swift */,
				DA3B9BAE20E78ECA00596635 /* ShellProcess.swift */,
				DA3B9BB020E791D400596635 /* ShellPipe.swift */,
				DAE1EC9A20E701B0000C0FFE /* Constants.swift */,
			);
			path = Source;
			sourceTree = "<group>";
		};
		DAFD567A20E6FE5300F721AF = {
			isa = PBXGroup;
			children = (
				DAE1EC9620E70192000C0FFE /* Source */,
				DAE1EC9320E70187000C0FFE /* Tests */,
				DAFD568520E6FE5300F721AF /* Products */,
				DAFD56A520E7017100F721AF /* Configuration */,
				DAFD569E20E7011300F721AF /* README.md */,
				DAFD56A020E7011300F721AF /* LICENSE */,
				DAFD569F20E7011300F721AF /* .gitignore */,
			);
			sourceTree = "<group>";
		};
		DAFD568520E6FE5300F721AF /* Products */ = {
			isa = PBXGroup;
			children = (
				DAFD568420E6FE5300F721AF /* SwiftToShell.framework */,
				DAFD569320E6FEDC00F721AF /* Tests.xctest */,
			);
			name = Products;
			sourceTree = "<group>";
		};
/* End PBXGroup section */

/* Begin PBXHeadersBuildPhase section */
		DAFD568120E6FE5300F721AF /* Headers */ = {
			isa = PBXHeadersBuildPhase;
			buildActionMask = 2147483647;
			files = (
			);
			runOnlyForDeploymentPostprocessing = 0;
		};
/* End PBXHeadersBuildPhase section */

/* Begin PBXNativeTarget section */
		DAFD568320E6FE5300F721AF /* SwiftToShell */ = {
			isa = PBXNativeTarget;
			buildConfigurationList = DAFD568C20E6FE5300F721AF /* Build configuration list for PBXNativeTarget "SwiftToShell" */;
			buildPhases = (
				DAFD567F20E6FE5300F721AF /* Sources */,
				DAFD568020E6FE5300F721AF /* Frameworks */,
				DAFD568120E6FE5300F721AF /* Headers */,
				DAFD568220E6FE5300F721AF /* Resources */,
			);
			buildRules = (
			);
			dependencies = (
			);
			name = SwiftToShell;
			productName = SwiftToShell;
			productReference = DAFD568420E6FE5300F721AF /* SwiftToShell.framework */;
			productType = "com.apple.product-type.framework";
		};
		DAFD569220E6FEDC00F721AF /* Tests */ = {
			isa = PBXNativeTarget;
			buildConfigurationList = DAFD569B20E6FEDD00F721AF /* Build configuration list for PBXNativeTarget "Tests" */;
			buildPhases = (
				DAFD568F20E6FEDC00F721AF /* Sources */,
				DAFD569020E6FEDC00F721AF /* Frameworks */,
				DAFD569120E6FEDC00F721AF /* Resources */,
			);
			buildRules = (
			);
			dependencies = (
				DAFD569A20E6FEDD00F721AF /* PBXTargetDependency */,
			);
			name = Tests;
			productName = Tests;
			productReference = DAFD569320E6FEDC00F721AF /* Tests.xctest */;
			productType = "com.apple.product-type.bundle.unit-test";
		};
/* End PBXNativeTarget section */

/* Begin PBXProject section */
		DAFD567B20E6FE5300F721AF /* Project object */ = {
			isa = PBXProject;
			attributes = {
				LastSwiftUpdateCheck = 0940;
				LastUpgradeCheck = 0940;
				ORGANIZATIONNAME = iturbide;
				TargetAttributes = {
					DAFD568320E6FE5300F721AF = {
						CreatedOnToolsVersion = 9.4.1;
					};
					DAFD569220E6FEDC00F721AF = {
						CreatedOnToolsVersion = 9.4.1;
					};
				};
			};
			buildConfigurationList = DAFD567E20E6FE5300F721AF /* Build configuration list for PBXProject "SwiftToShell" */;
			compatibilityVersion = "Xcode 9.3";
			developmentRegion = en;
			hasScannedForEncodings = 0;
			knownRegions = (
				en,
			);
			mainGroup = DAFD567A20E6FE5300F721AF;
			productRefGroup = DAFD568520E6FE5300F721AF /* Products */;
			projectDirPath = "";
			projectRoot = "";
			targets = (
				DAFD568320E6FE5300F721AF /* SwiftToShell */,
				DAFD569220E6FEDC00F721AF /* Tests */,
			);
		};
/* End PBXProject section */

/* Begin PBXResourcesBuildPhase section */
		DAFD568220E6FE5300F721AF /* Resources */ = {
			isa = PBXResourcesBuildPhase;
			buildActionMask = 2147483647;
			files = (
			);
			runOnlyForDeploymentPostprocessing = 0;
		};
		DAFD569120E6FEDC00F721AF /* Resources */ = {
			isa = PBXResourcesBuildPhase;
			buildActionMask = 2147483647;
			files = (
			);
			runOnlyForDeploymentPostprocessing = 0;
		};
/* End PBXResourcesBuildPhase section */

/* Begin PBXSourcesBuildPhase section */
		DAFD567F20E6FE5300F721AF /* Sources */ = {
			isa = PBXSourcesBuildPhase;
			buildActionMask = 2147483647;
			files = (
				DAE1EC9920E70192000C0FFE /* Shell.swift in Sources */,
				DA3B9BAF20E78ECA00596635 /* ShellProcess.swift in Sources */,
				DAE1EC9B20E701B0000C0FFE /* Constants.swift in Sources */,
				DA3B9BA920E78C4F00596635 /* ShellProviderProtocol.swift in Sources */,
				DA3B9BB120E791D400596635 /* ShellPipe.swift in Sources */,
				DA69AFD520E8E5C2006F0F91 /* ShellFactory.swift in Sources */,
				DA69AFD320E8E57F006F0F91 /* ShellProtocol.swift in Sources */,
				DA3B9BAB20E78C6E00596635 /* StandardShell.swift in Sources */,
			);
			runOnlyForDeploymentPostprocessing = 0;
		};
		DAFD568F20E6FEDC00F721AF /* Sources */ = {
			isa = PBXSourcesBuildPhase;
			buildActionMask = 2147483647;
			files = (
				DA3B9BB320E7991B00596635 /* TestShell.swift in Sources */,
				DA3B9BAD20E78D4B00596635 /* TestStandardShell.swift in Sources */,
				DA3B9BB520E7994800596635 /* MockShellProviderProtocol.swift in Sources */,
			);
			runOnlyForDeploymentPostprocessing = 0;
		};
/* End PBXSourcesBuildPhase section */

/* Begin PBXTargetDependency section */
		DAFD569A20E6FEDD00F721AF /* PBXTargetDependency */ = {
			isa = PBXTargetDependency;
			target = DAFD568320E6FE5300F721AF /* SwiftToShell */;
			targetProxy = DAFD569920E6FEDD00F721AF /* PBXContainerItemProxy */;
		};
/* End PBXTargetDependency section */

/* Begin XCBuildConfiguration section */
		DAFD568A20E6FE5300F721AF /* Debug */ = {
			isa = XCBuildConfiguration;
			buildSettings = {
				ALWAYS_SEARCH_USER_PATHS = NO;
				CLANG_ANALYZER_NONNULL = YES;
				CLANG_ANALYZER_NUMBER_OBJECT_CONVERSION = YES_AGGRESSIVE;
				CLANG_CXX_LANGUAGE_STANDARD = "gnu++14";
				CLANG_CXX_LIBRARY = "libc++";
				CLANG_ENABLE_OBJC_ARC = YES;
				CLANG_ENABLE_OBJC_WEAK = YES;
				CLANG_WARN_BLOCK_CAPTURE_AUTORELEASING = YES;
				CLANG_WARN_BOOL_CONVERSION = YES;
				CLANG_WARN_COMMA = YES;
				CLANG_WARN_CONSTANT_CONVERSION = YES;
				CLANG_WARN_DEPRECATED_OBJC_IMPLEMENTATIONS = YES;
				CLANG_WARN_DIRECT_OBJC_ISA_USAGE = YES_ERROR;
				CLANG_WARN_DOCUMENTATION_COMMENTS = YES;
				CLANG_WARN_EMPTY_BODY = YES;
				CLANG_WARN_ENUM_CONVERSION = YES;
				CLANG_WARN_INFINITE_RECURSION = YES;
				CLANG_WARN_INT_CONVERSION = YES;
				CLANG_WARN_NON_LITERAL_NULL_CONVERSION = YES;
				CLANG_WARN_OBJC_IMPLICIT_RETAIN_SELF = YES;
				CLANG_WARN_OBJC_LITERAL_CONVERSION = YES;
				CLANG_WARN_OBJC_ROOT_CLASS = YES_ERROR;
				CLANG_WARN_RANGE_LOOP_ANALYSIS = YES;
				CLANG_WARN_STRICT_PROTOTYPES = YES;
				CLANG_WARN_SUSPICIOUS_MOVE = YES;
				CLANG_WARN_UNGUARDED_AVAILABILITY = YES_AGGRESSIVE;
				CLANG_WARN_UNREACHABLE_CODE = YES;
				CLANG_WARN__DUPLICATE_METHOD_MATCH = YES;
				CODE_SIGN_IDENTITY = "Mac Developer";
				COPY_PHASE_STRIP = NO;
				CURRENT_PROJECT_VERSION = 1;
				DEBUG_INFORMATION_FORMAT = dwarf;
				ENABLE_STRICT_OBJC_MSGSEND = YES;
				ENABLE_TESTABILITY = YES;
				GCC_C_LANGUAGE_STANDARD = gnu11;
				GCC_DYNAMIC_NO_PIC = NO;
				GCC_NO_COMMON_BLOCKS = YES;
				GCC_OPTIMIZATION_LEVEL = 0;
				GCC_PREPROCESSOR_DEFINITIONS = (
					"DEBUG=1",
					"$(inherited)",
				);
				GCC_WARN_64_TO_32_BIT_CONVERSION = YES;
				GCC_WARN_ABOUT_RETURN_TYPE = YES_ERROR;
				GCC_WARN_UNDECLARED_SELECTOR = YES;
				GCC_WARN_UNINITIALIZED_AUTOS = YES_AGGRESSIVE;
				GCC_WARN_UNUSED_FUNCTION = YES;
				GCC_WARN_UNUSED_VARIABLE = YES;
				MACOSX_DEPLOYMENT_TARGET = 10.13;
				MTL_ENABLE_DEBUG_INFO = YES;
				ONLY_ACTIVE_ARCH = YES;
				SDKROOT = macosx;
				SWIFT_ACTIVE_COMPILATION_CONDITIONS = DEBUG;
				SWIFT_INSTALL_OBJC_HEADER = NO;
				SWIFT_OPTIMIZATION_LEVEL = "-Onone";
				SWIFT_VERSION = 4.0;
				VERSIONING_SYSTEM = "";
				VERSION_INFO_PREFIX = "";
			};
			name = Debug;
		};
		DAFD568B20E6FE5300F721AF /* Release */ = {
			isa = XCBuildConfiguration;
			buildSettings = {
				ALWAYS_SEARCH_USER_PATHS = NO;
				CLANG_ANALYZER_NONNULL = YES;
				CLANG_ANALYZER_NUMBER_OBJECT_CONVERSION = YES_AGGRESSIVE;
				CLANG_CXX_LANGUAGE_STANDARD = "gnu++14";
				CLANG_CXX_LIBRARY = "libc++";
				CLANG_ENABLE_OBJC_ARC = YES;
				CLANG_ENABLE_OBJC_WEAK = YES;
				CLANG_WARN_BLOCK_CAPTURE_AUTORELEASING = YES;
				CLANG_WARN_BOOL_CONVERSION = YES;
				CLANG_WARN_COMMA = YES;
				CLANG_WARN_CONSTANT_CONVERSION = YES;
				CLANG_WARN_DEPRECATED_OBJC_IMPLEMENTATIONS = YES;
				CLANG_WARN_DIRECT_OBJC_ISA_USAGE = YES_ERROR;
				CLANG_WARN_DOCUMENTATION_COMMENTS = YES;
				CLANG_WARN_EMPTY_BODY = YES;
				CLANG_WARN_ENUM_CONVERSION = YES;
				CLANG_WARN_INFINITE_RECURSION = YES;
				CLANG_WARN_INT_CONVERSION = YES;
				CLANG_WARN_NON_LITERAL_NULL_CONVERSION = YES;
				CLANG_WARN_OBJC_IMPLICIT_RETAIN_SELF = YES;
				CLANG_WARN_OBJC_LITERAL_CONVERSION = YES;
				CLANG_WARN_OBJC_ROOT_CLASS = YES_ERROR;
				CLANG_WARN_RANGE_LOOP_ANALYSIS = YES;
				CLANG_WARN_STRICT_PROTOTYPES = YES;
				CLANG_WARN_SUSPICIOUS_MOVE = YES;
				CLANG_WARN_UNGUARDED_AVAILABILITY = YES_AGGRESSIVE;
				CLANG_WARN_UNREACHABLE_CODE = YES;
				CLANG_WARN__DUPLICATE_METHOD_MATCH = YES;
				CODE_SIGN_IDENTITY = "Mac Developer";
				COPY_PHASE_STRIP = NO;
				CURRENT_PROJECT_VERSION = 1;
				DEBUG_INFORMATION_FORMAT = dwarf;
				ENABLE_NS_ASSERTIONS = NO;
				ENABLE_STRICT_OBJC_MSGSEND = YES;
				GCC_C_LANGUAGE_STANDARD = gnu11;
				GCC_NO_COMMON_BLOCKS = YES;
				GCC_WARN_64_TO_32_BIT_CONVERSION = YES;
				GCC_WARN_ABOUT_RETURN_TYPE = YES_ERROR;
				GCC_WARN_UNDECLARED_SELECTOR = YES;
				GCC_WARN_UNINITIALIZED_AUTOS = YES_AGGRESSIVE;
				GCC_WARN_UNUSED_FUNCTION = YES;
				GCC_WARN_UNUSED_VARIABLE = YES;
				MACOSX_DEPLOYMENT_TARGET = 10.13;
				MTL_ENABLE_DEBUG_INFO = NO;
				SDKROOT = macosx;
				SWIFT_COMPILATION_MODE = wholemodule;
				SWIFT_INSTALL_OBJC_HEADER = NO;
				SWIFT_OPTIMIZATION_LEVEL = "-O";
				SWIFT_VERSION = 4.0;
				VERSIONING_SYSTEM = "";
				VERSION_INFO_PREFIX = "";
			};
			name = Release;
		};
		DAFD568D20E6FE5300F721AF /* Debug */ = {
			isa = XCBuildConfiguration;
			buildSettings = {
				CODE_SIGN_IDENTITY = "";
				CODE_SIGN_STYLE = Automatic;
				COMBINE_HIDPI_IMAGES = YES;
				DEVELOPMENT_TEAM = 7AMWG3RLHN;
				DYLIB_COMPATIBILITY_VERSION = 1;
				DYLIB_CURRENT_VERSION = 1;
				DYLIB_INSTALL_NAME_BASE = "@rpath";
				FRAMEWORK_VERSION = A;
				INFOPLIST_FILE = Configuration/source.plist;
				INSTALL_PATH = "$(LOCAL_LIBRARY_DIR)/Frameworks";
				LD_RUNPATH_SEARCH_PATHS = (
					"$(inherited)",
					"@executable_path/../Frameworks",
					"@loader_path/Frameworks",
				);
				PRODUCT_BUNDLE_IDENTIFIER = iturbide.SwiftToShell;
				PRODUCT_NAME = "$(TARGET_NAME:c99extidentifier)";
				SKIP_INSTALL = YES;
			};
			name = Debug;
		};
		DAFD568E20E6FE5300F721AF /* Release */ = {
			isa = XCBuildConfiguration;
			buildSettings = {
				CODE_SIGN_IDENTITY = "";
				CODE_SIGN_STYLE = Automatic;
				COMBINE_HIDPI_IMAGES = YES;
				DEVELOPMENT_TEAM = 7AMWG3RLHN;
				DYLIB_COMPATIBILITY_VERSION = 1;
				DYLIB_CURRENT_VERSION = 1;
				DYLIB_INSTALL_NAME_BASE = "@rpath";
				FRAMEWORK_VERSION = A;
				INFOPLIST_FILE = Configuration/source.plist;
				INSTALL_PATH = "$(LOCAL_LIBRARY_DIR)/Frameworks";
				LD_RUNPATH_SEARCH_PATHS = (
					"$(inherited)",
					"@executable_path/../Frameworks",
					"@loader_path/Frameworks",
				);
				PRODUCT_BUNDLE_IDENTIFIER = iturbide.SwiftToShell;
				PRODUCT_NAME = "$(TARGET_NAME:c99extidentifier)";
				SKIP_INSTALL = YES;
			};
			name = Release;
		};
		DAFD569C20E6FEDD00F721AF /* Debug */ = {
			isa = XCBuildConfiguration;
			buildSettings = {
				ALWAYS_EMBED_SWIFT_STANDARD_LIBRARIES = YES;
				CODE_SIGN_STYLE = Automatic;
				COMBINE_HIDPI_IMAGES = YES;
				DEVELOPMENT_TEAM = 7AMWG3RLHN;
				INFOPLIST_FILE = Configuration/tests.plist;
				LD_RUNPATH_SEARCH_PATHS = (
					"$(inherited)",
					"@executable_path/../Frameworks",
					"@loader_path/../Frameworks",
				);
				PRODUCT_BUNDLE_IDENTIFIER = iturbide.SwiftToShell.Tests;
				PRODUCT_NAME = "$(TARGET_NAME)";
			};
			name = Debug;
		};
		DAFD569D20E6FEDD00F721AF /* Release */ = {
			isa = XCBuildConfiguration;
			buildSettings = {
				ALWAYS_EMBED_SWIFT_STANDARD_LIBRARIES = YES;
				CODE_SIGN_STYLE = Automatic;
				COMBINE_HIDPI_IMAGES = YES;
				DEVELOPMENT_TEAM = 7AMWG3RLHN;
				INFOPLIST_FILE = Configuration/tests.plist;
				LD_RUNPATH_SEARCH_PATHS = (
					"$(inherited)",
					"@executable_path/../Frameworks",
					"@loader_path/../Frameworks",
				);
				PRODUCT_BUNDLE_IDENTIFIER = iturbide.SwiftToShell.Tests;
				PRODUCT_NAME = "$(TARGET_NAME)";
			};
			name = Release;
		};
/* End XCBuildConfiguration section */

/* Begin XCConfigurationList section */
		DAFD567E20E6FE5300F721AF /* Build configuration list for PBXProject "SwiftToShell" */ = {
			isa = XCConfigurationList;
			buildConfigurations = (
				DAFD568A20E6FE5300F721AF /* Debug */,
				DAFD568B20E6FE5300F721AF /* Release */,
			);
			defaultConfigurationIsVisible = 0;
			defaultConfigurationName = Release;
		};
		DAFD568C20E6FE5300F721AF /* Build configuration list for PBXNativeTarget "SwiftToShell" */ = {
			isa = XCConfigurationList;
			buildConfigurations = (
				DAFD568D20E6FE5300F721AF /* Debug */,
				DAFD568E20E6FE5300F721AF /* Release */,
			);
			defaultConfigurationIsVisible = 0;
			defaultConfigurationName = Release;
		};
		DAFD569B20E6FEDD00F721AF /* Build configuration list for PBXNativeTarget "Tests" */ = {
			isa = XCConfigurationList;
			buildConfigurations = (
				DAFD569C20E6FEDD00F721AF /* Debug */,
				DAFD569D20E6FEDD00F721AF /* Release */,
			);
			defaultConfigurationIsVisible = 0;
			defaultConfigurationName = Release;
		};
/* End XCConfigurationList section */
	};
	rootObject = DAFD567B20E6FE5300F721AF /* Project object */;
}
